// !$*UTF8*$!
{
	archiveVersion = 1;
	classes = {
	};
	objectVersion = 56;
	objects = {

/* Begin PBXBuildFile section */
		E590C8BB29DB179E00CC9762 /* DoctorAppointmentApp.swift in Sources */ = {isa = PBXBuildFile; fileRef = E590C8BA29DB179E00CC9762 /* DoctorAppointmentApp.swift */; };
		E590C8BD29DB179E00CC9762 /* ContentView.swift in Sources */ = {isa = PBXBuildFile; fileRef = E590C8BC29DB179E00CC9762 /* ContentView.swift */; };
		E590C8BF29DB17A000CC9762 /* Assets.xcassets in Resources */ = {isa = PBXBuildFile; fileRef = E590C8BE29DB17A000CC9762 /* Assets.xcassets */; };
		E590C8C229DB17A000CC9762 /* Preview Assets.xcassets in Resources */ = {isa = PBXBuildFile; fileRef = E590C8C129DB17A000CC9762 /* Preview Assets.xcassets */; };
		E590C8C929DB17AC00CC9762 /* GoogleService-Info.plist in Resources */ = {isa = PBXBuildFile; fileRef = E590C8C829DB17AC00CC9762 /* GoogleService-Info.plist */; };
		E590C8CC29DB17DB00CC9762 /* FirebaseAnalytics in Frameworks */ = {isa = PBXBuildFile; productRef = E590C8CB29DB17DB00CC9762 /* FirebaseAnalytics */; };
		E590C8CE29DB17DB00CC9762 /* FirebaseAnalyticsSwift in Frameworks */ = {isa = PBXBuildFile; productRef = E590C8CD29DB17DB00CC9762 /* FirebaseAnalyticsSwift */; };
		E590C8D029DB17DB00CC9762 /* FirebaseAuth in Frameworks */ = {isa = PBXBuildFile; productRef = E590C8CF29DB17DB00CC9762 /* FirebaseAuth */; };
		E590C8D229DB17DB00CC9762 /* FirebaseFirestore in Frameworks */ = {isa = PBXBuildFile; productRef = E590C8D129DB17DB00CC9762 /* FirebaseFirestore */; };
		E590C8D429DB17DB00CC9762 /* FirebaseFirestoreSwift in Frameworks */ = {isa = PBXBuildFile; productRef = E590C8D329DB17DB00CC9762 /* FirebaseFirestoreSwift */; };
		E590C8D629DB17DB00CC9762 /* FirebaseStorage in Frameworks */ = {isa = PBXBuildFile; productRef = E590C8D529DB17DB00CC9762 /* FirebaseStorage */; };
		E590C8D829DB1CBF00CC9762 /* DoctorManager.swift in Sources */ = {isa = PBXBuildFile; fileRef = E590C8D729DB1CBE00CC9762 /* DoctorManager.swift */; };
		E590C8DD29DB23A600CC9762 /* Doctor.swift in Sources */ = {isa = PBXBuildFile; fileRef = E590C8DC29DB23A600CC9762 /* Doctor.swift */; };
		E590C8DF29DDC94100CC9762 /* LoginView.swift in Sources */ = {isa = PBXBuildFile; fileRef = E590C8DE29DDC94100CC9762 /* LoginView.swift */; };
		E590C8E229DDD10F00CC9762 /* String.swift in Sources */ = {isa = PBXBuildFile; fileRef = E590C8E129DDD10F00CC9762 /* String.swift */; };
		E590C8E429DDD43800CC9762 /* SignUpView.swift in Sources */ = {isa = PBXBuildFile; fileRef = E590C8E329DDD43800CC9762 /* SignUpView.swift */; };
		E590C8E629DDD55200CC9762 /* AuthView.swift in Sources */ = {isa = PBXBuildFile; fileRef = E590C8E529DDD55200CC9762 /* AuthView.swift */; };
		E590C8E829E02B6F00CC9762 /* PacientManager.swift in Sources */ = {isa = PBXBuildFile; fileRef = E590C8E729E02B6F00CC9762 /* PacientManager.swift */; };
		E590C8EA29E02B9600CC9762 /* Pacient.swift in Sources */ = {isa = PBXBuildFile; fileRef = E590C8E929E02B9600CC9762 /* Pacient.swift */; };
		E590C8F029E033BF00CC9762 /* PacientHomeView.swift in Sources */ = {isa = PBXBuildFile; fileRef = E590C8EF29E033BF00CC9762 /* PacientHomeView.swift */; };
		E590C8F229E0353600CC9762 /* UserRoleManager.swift in Sources */ = {isa = PBXBuildFile; fileRef = E590C8F129E0353600CC9762 /* UserRoleManager.swift */; };
		E590C8F429E03C0500CC9762 /* DoctorHomeView.swift in Sources */ = {isa = PBXBuildFile; fileRef = E590C8F329E03C0500CC9762 /* DoctorHomeView.swift */; };
		E590C8F629E03C1500CC9762 /* AdminHomeView.swift in Sources */ = {isa = PBXBuildFile; fileRef = E590C8F529E03C1500CC9762 /* AdminHomeView.swift */; };
		E590C8F82A01103200CC9762 /* Admin.swift in Sources */ = {isa = PBXBuildFile; fileRef = E590C8F72A01103200CC9762 /* Admin.swift */; };
		E590C8FA2A01295000CC9762 /* Clinic.swift in Sources */ = {isa = PBXBuildFile; fileRef = E590C8F92A01295000CC9762 /* Clinic.swift */; };
		E590C8FC2A012B5100CC9762 /* ClinicManager.swift in Sources */ = {isa = PBXBuildFile; fileRef = E590C8FB2A012B5100CC9762 /* ClinicManager.swift */; };
		E590C8FE2A01322100CC9762 /* PacientClinicView.swift in Sources */ = {isa = PBXBuildFile; fileRef = E590C8FD2A01322100CC9762 /* PacientClinicView.swift */; };
		E590C9002A01328C00CC9762 /* PacientAppointmentView.swift in Sources */ = {isa = PBXBuildFile; fileRef = E590C8FF2A01328C00CC9762 /* PacientAppointmentView.swift */; };
		E590C9022A01329D00CC9762 /* PacientSettingsView.swift in Sources */ = {isa = PBXBuildFile; fileRef = E590C9012A01329D00CC9762 /* PacientSettingsView.swift */; };
		E590C9042A013D2A00CC9762 /* Location.swift in Sources */ = {isa = PBXBuildFile; fileRef = E590C9032A013D2A00CC9762 /* Location.swift */; };
		E590C9072A01412A00CC9762 /* LocationUtil.swift in Sources */ = {isa = PBXBuildFile; fileRef = E590C9062A01412A00CC9762 /* LocationUtil.swift */; };
		E590C90B2A02A69E00CC9762 /* DoctorListView.swift in Sources */ = {isa = PBXBuildFile; fileRef = E590C90A2A02A69E00CC9762 /* DoctorListView.swift */; };
		E590C90D2A02AC6200CC9762 /* DoctorView.swift in Sources */ = {isa = PBXBuildFile; fileRef = E590C90C2A02AC6200CC9762 /* DoctorView.swift */; };
		E590C90F2A02AE7600CC9762 /* Review.swift in Sources */ = {isa = PBXBuildFile; fileRef = E590C90E2A02AE7600CC9762 /* Review.swift */; };
		E590C9112A02AFFE00CC9762 /* ReviewManager.swift in Sources */ = {isa = PBXBuildFile; fileRef = E590C9102A02AFFE00CC9762 /* ReviewManager.swift */; };
		E590C91B2A02BC4A00CC9762 /* AddReviewView.swift in Sources */ = {isa = PBXBuildFile; fileRef = E590C91A2A02BC4A00CC9762 /* AddReviewView.swift */; };
		E590C91E2A02BEE200CC9762 /* RatingView.swift in Sources */ = {isa = PBXBuildFile; fileRef = E590C91D2A02BEE200CC9762 /* RatingView.swift */; };
		E590C9202A041D7200CC9762 /* AdminClinicView.swift in Sources */ = {isa = PBXBuildFile; fileRef = E590C91F2A041D7200CC9762 /* AdminClinicView.swift */; };
		E590C9222A041D7E00CC9762 /* AdminUserView.swift in Sources */ = {isa = PBXBuildFile; fileRef = E590C9212A041D7E00CC9762 /* AdminUserView.swift */; };
		E590C9242A041D8900CC9762 /* AdminSettingsView.swift in Sources */ = {isa = PBXBuildFile; fileRef = E590C9232A041D8900CC9762 /* AdminSettingsView.swift */; };
		E590C9262A0425DB00CC9762 /* AddClinicView.swift in Sources */ = {isa = PBXBuildFile; fileRef = E590C9252A0425DB00CC9762 /* AddClinicView.swift */; };
/* End PBXBuildFile section */

/* Begin PBXFileReference section */
		E590C8B729DB179E00CC9762 /* DoctorAppointment.app */ = {isa = PBXFileReference; explicitFileType = wrapper.application; includeInIndex = 0; path = DoctorAppointment.app; sourceTree = BUILT_PRODUCTS_DIR; };
		E590C8BA29DB179E00CC9762 /* DoctorAppointmentApp.swift */ = {isa = PBXFileReference; lastKnownFileType = sourcecode.swift; path = DoctorAppointmentApp.swift; sourceTree = "<group>"; };
		E590C8BC29DB179E00CC9762 /* ContentView.swift */ = {isa = PBXFileReference; lastKnownFileType = sourcecode.swift; path = ContentView.swift; sourceTree = "<group>"; };
		E590C8BE29DB17A000CC9762 /* Assets.xcassets */ = {isa = PBXFileReference; lastKnownFileType = folder.assetcatalog; path = Assets.xcassets; sourceTree = "<group>"; };
		E590C8C129DB17A000CC9762 /* Preview Assets.xcassets */ = {isa = PBXFileReference; lastKnownFileType = folder.assetcatalog; path = "Preview Assets.xcassets"; sourceTree = "<group>"; };
		E590C8C829DB17AC00CC9762 /* GoogleService-Info.plist */ = {isa = PBXFileReference; fileEncoding = 4; lastKnownFileType = text.plist.xml; path = "GoogleService-Info.plist"; sourceTree = "<group>"; };
		E590C8D729DB1CBE00CC9762 /* DoctorManager.swift */ = {isa = PBXFileReference; lastKnownFileType = sourcecode.swift; path = DoctorManager.swift; sourceTree = "<group>"; };
		E590C8DC29DB23A600CC9762 /* Doctor.swift */ = {isa = PBXFileReference; lastKnownFileType = sourcecode.swift; path = Doctor.swift; sourceTree = "<group>"; };
		E590C8DE29DDC94100CC9762 /* LoginView.swift */ = {isa = PBXFileReference; lastKnownFileType = sourcecode.swift; path = LoginView.swift; sourceTree = "<group>"; };
		E590C8E129DDD10F00CC9762 /* String.swift */ = {isa = PBXFileReference; lastKnownFileType = sourcecode.swift; path = String.swift; sourceTree = "<group>"; };
		E590C8E329DDD43800CC9762 /* SignUpView.swift */ = {isa = PBXFileReference; lastKnownFileType = sourcecode.swift; path = SignUpView.swift; sourceTree = "<group>"; };
		E590C8E529DDD55200CC9762 /* AuthView.swift */ = {isa = PBXFileReference; lastKnownFileType = sourcecode.swift; path = AuthView.swift; sourceTree = "<group>"; };
		E590C8E729E02B6F00CC9762 /* PacientManager.swift */ = {isa = PBXFileReference; lastKnownFileType = sourcecode.swift; path = PacientManager.swift; sourceTree = "<group>"; };
		E590C8E929E02B9600CC9762 /* Pacient.swift */ = {isa = PBXFileReference; lastKnownFileType = sourcecode.swift; path = Pacient.swift; sourceTree = "<group>"; };
		E590C8EF29E033BF00CC9762 /* PacientHomeView.swift */ = {isa = PBXFileReference; lastKnownFileType = sourcecode.swift; path = PacientHomeView.swift; sourceTree = "<group>"; };
		E590C8F129E0353600CC9762 /* UserRoleManager.swift */ = {isa = PBXFileReference; lastKnownFileType = sourcecode.swift; path = UserRoleManager.swift; sourceTree = "<group>"; };
		E590C8F329E03C0500CC9762 /* DoctorHomeView.swift */ = {isa = PBXFileReference; lastKnownFileType = sourcecode.swift; path = DoctorHomeView.swift; sourceTree = "<group>"; };
		E590C8F529E03C1500CC9762 /* AdminHomeView.swift */ = {isa = PBXFileReference; lastKnownFileType = sourcecode.swift; path = AdminHomeView.swift; sourceTree = "<group>"; };
		E590C8F72A01103200CC9762 /* Admin.swift */ = {isa = PBXFileReference; lastKnownFileType = sourcecode.swift; path = Admin.swift; sourceTree = "<group>"; };
		E590C8F92A01295000CC9762 /* Clinic.swift */ = {isa = PBXFileReference; lastKnownFileType = sourcecode.swift; path = Clinic.swift; sourceTree = "<group>"; };
		E590C8FB2A012B5100CC9762 /* ClinicManager.swift */ = {isa = PBXFileReference; lastKnownFileType = sourcecode.swift; path = ClinicManager.swift; sourceTree = "<group>"; };
		E590C8FD2A01322100CC9762 /* PacientClinicView.swift */ = {isa = PBXFileReference; lastKnownFileType = sourcecode.swift; path = PacientClinicView.swift; sourceTree = "<group>"; };
		E590C8FF2A01328C00CC9762 /* PacientAppointmentView.swift */ = {isa = PBXFileReference; lastKnownFileType = sourcecode.swift; path = PacientAppointmentView.swift; sourceTree = "<group>"; };
		E590C9012A01329D00CC9762 /* PacientSettingsView.swift */ = {isa = PBXFileReference; lastKnownFileType = sourcecode.swift; path = PacientSettingsView.swift; sourceTree = "<group>"; };
		E590C9032A013D2A00CC9762 /* Location.swift */ = {isa = PBXFileReference; lastKnownFileType = sourcecode.swift; path = Location.swift; sourceTree = "<group>"; };
		E590C9062A01412A00CC9762 /* LocationUtil.swift */ = {isa = PBXFileReference; lastKnownFileType = sourcecode.swift; path = LocationUtil.swift; sourceTree = "<group>"; };
		E590C90A2A02A69E00CC9762 /* DoctorListView.swift */ = {isa = PBXFileReference; lastKnownFileType = sourcecode.swift; path = DoctorListView.swift; sourceTree = "<group>"; };
		E590C90C2A02AC6200CC9762 /* DoctorView.swift */ = {isa = PBXFileReference; lastKnownFileType = sourcecode.swift; path = DoctorView.swift; sourceTree = "<group>"; };
		E590C90E2A02AE7600CC9762 /* Review.swift */ = {isa = PBXFileReference; lastKnownFileType = sourcecode.swift; path = Review.swift; sourceTree = "<group>"; };
		E590C9102A02AFFE00CC9762 /* ReviewManager.swift */ = {isa = PBXFileReference; lastKnownFileType = sourcecode.swift; path = ReviewManager.swift; sourceTree = "<group>"; };
		E590C91A2A02BC4A00CC9762 /* AddReviewView.swift */ = {isa = PBXFileReference; lastKnownFileType = sourcecode.swift; path = AddReviewView.swift; sourceTree = "<group>"; };
		E590C91D2A02BEE200CC9762 /* RatingView.swift */ = {isa = PBXFileReference; lastKnownFileType = sourcecode.swift; path = RatingView.swift; sourceTree = "<group>"; };
		E590C91F2A041D7200CC9762 /* AdminClinicView.swift */ = {isa = PBXFileReference; lastKnownFileType = sourcecode.swift; path = AdminClinicView.swift; sourceTree = "<group>"; };
		E590C9212A041D7E00CC9762 /* AdminUserView.swift */ = {isa = PBXFileReference; lastKnownFileType = sourcecode.swift; path = AdminUserView.swift; sourceTree = "<group>"; };
		E590C9232A041D8900CC9762 /* AdminSettingsView.swift */ = {isa = PBXFileReference; lastKnownFileType = sourcecode.swift; path = AdminSettingsView.swift; sourceTree = "<group>"; };
		E590C9252A0425DB00CC9762 /* AddClinicView.swift */ = {isa = PBXFileReference; lastKnownFileType = sourcecode.swift; path = AddClinicView.swift; sourceTree = "<group>"; };
/* End PBXFileReference section */

/* Begin PBXFrameworksBuildPhase section */
		E590C8B429DB179E00CC9762 /* Frameworks */ = {
			isa = PBXFrameworksBuildPhase;
			buildActionMask = 2147483647;
			files = (
				E590C8D429DB17DB00CC9762 /* FirebaseFirestoreSwift in Frameworks */,
				E590C8CE29DB17DB00CC9762 /* FirebaseAnalyticsSwift in Frameworks */,
				E590C8D229DB17DB00CC9762 /* FirebaseFirestore in Frameworks */,
				E590C8D029DB17DB00CC9762 /* FirebaseAuth in Frameworks */,
				E590C8CC29DB17DB00CC9762 /* FirebaseAnalytics in Frameworks */,
				E590C8D629DB17DB00CC9762 /* FirebaseStorage in Frameworks */,
			);
			runOnlyForDeploymentPostprocessing = 0;
		};
/* End PBXFrameworksBuildPhase section */

/* Begin PBXGroup section */
		E590C8AE29DB179E00CC9762 = {
			isa = PBXGroup;
			children = (
				E590C8B929DB179E00CC9762 /* DoctorAppointment */,
				E590C8B829DB179E00CC9762 /* Products */,
			);
			sourceTree = "<group>";
		};
		E590C8B829DB179E00CC9762 /* Products */ = {
			isa = PBXGroup;
			children = (
				E590C8B729DB179E00CC9762 /* DoctorAppointment.app */,
			);
			name = Products;
			sourceTree = "<group>";
		};
		E590C8B929DB179E00CC9762 /* DoctorAppointment */ = {
			isa = PBXGroup;
			children = (
				E590C8E029DDD0FE00CC9762 /* Extensions */,
				E590C8DB29DB237300CC9762 /* Views */,
				E590C8DA29DB236400CC9762 /* DatabaseManager */,
				E590C8D929DB235300CC9762 /* Models */,
				E590C8BA29DB179E00CC9762 /* DoctorAppointmentApp.swift */,
				E590C8BE29DB17A000CC9762 /* Assets.xcassets */,
				E590C8C829DB17AC00CC9762 /* GoogleService-Info.plist */,
				E590C8C029DB17A000CC9762 /* Preview Content */,
			);
			path = DoctorAppointment;
			sourceTree = "<group>";
		};
		E590C8C029DB17A000CC9762 /* Preview Content */ = {
			isa = PBXGroup;
			children = (
				E590C8C129DB17A000CC9762 /* Preview Assets.xcassets */,
			);
			path = "Preview Content";
			sourceTree = "<group>";
		};
		E590C8D929DB235300CC9762 /* Models */ = {
			isa = PBXGroup;
			children = (
				E590C8DC29DB23A600CC9762 /* Doctor.swift */,
				E590C8E929E02B9600CC9762 /* Pacient.swift */,
				E590C8F72A01103200CC9762 /* Admin.swift */,
				E590C8F92A01295000CC9762 /* Clinic.swift */,
				E590C9032A013D2A00CC9762 /* Location.swift */,
				E590C90E2A02AE7600CC9762 /* Review.swift */,
			);
			path = Models;
			sourceTree = "<group>";
		};
		E590C8DA29DB236400CC9762 /* DatabaseManager */ = {
			isa = PBXGroup;
			children = (
				E590C8D729DB1CBE00CC9762 /* DoctorManager.swift */,
				E590C8E729E02B6F00CC9762 /* PacientManager.swift */,
				E590C8F129E0353600CC9762 /* UserRoleManager.swift */,
				E590C8FB2A012B5100CC9762 /* ClinicManager.swift */,
				E590C9102A02AFFE00CC9762 /* ReviewManager.swift */,
			);
			path = DatabaseManager;
			sourceTree = "<group>";
		};
		E590C8DB29DB237300CC9762 /* Views */ = {
			isa = PBXGroup;
			children = (
				E590C9052A01411600CC9762 /* Utils */,
				E590C8EE29E0339D00CC9762 /* Admin */,
				E590C8ED29E0339700CC9762 /* Pacient */,
				E590C8EC29E0338D00CC9762 /* Doctor */,
				E590C8EB29E0337300CC9762 /* Authentification */,
				E590C8BC29DB179E00CC9762 /* ContentView.swift */,
			);
			path = Views;
			sourceTree = "<group>";
		};
		E590C8E029DDD0FE00CC9762 /* Extensions */ = {
			isa = PBXGroup;
			children = (
				E590C8E129DDD10F00CC9762 /* String.swift */,
			);
			path = Extensions;
			sourceTree = "<group>";
		};
		E590C8EB29E0337300CC9762 /* Authentification */ = {
			isa = PBXGroup;
			children = (
				E590C8E529DDD55200CC9762 /* AuthView.swift */,
				E590C8DE29DDC94100CC9762 /* LoginView.swift */,
				E590C8E329DDD43800CC9762 /* SignUpView.swift */,
			);
			path = Authentification;
			sourceTree = "<group>";
		};
		E590C8EC29E0338D00CC9762 /* Doctor */ = {
			isa = PBXGroup;
			children = (
				E590C8F329E03C0500CC9762 /* DoctorHomeView.swift */,
			);
			path = Doctor;
			sourceTree = "<group>";
		};
		E590C8ED29E0339700CC9762 /* Pacient */ = {
			isa = PBXGroup;
			children = (
				E590C91C2A02BEBE00CC9762 /* Components */,
				E590C8EF29E033BF00CC9762 /* PacientHomeView.swift */,
				E590C8FD2A01322100CC9762 /* PacientClinicView.swift */,
				E590C8FF2A01328C00CC9762 /* PacientAppointmentView.swift */,
				E590C9012A01329D00CC9762 /* PacientSettingsView.swift */,
				E590C90A2A02A69E00CC9762 /* DoctorListView.swift */,
			);
			path = Pacient;
			sourceTree = "<group>";
		};
		E590C8EE29E0339D00CC9762 /* Admin */ = {
			isa = PBXGroup;
			children = (
				E590C8F529E03C1500CC9762 /* AdminHomeView.swift */,
				E590C91F2A041D7200CC9762 /* AdminClinicView.swift */,
				E590C9212A041D7E00CC9762 /* AdminUserView.swift */,
				E590C9232A041D8900CC9762 /* AdminSettingsView.swift */,
				E590C9252A0425DB00CC9762 /* AddClinicView.swift */,
			);
			path = Admin;
			sourceTree = "<group>";
		};
		E590C9052A01411600CC9762 /* Utils */ = {
			isa = PBXGroup;
			children = (
				E590C9062A01412A00CC9762 /* LocationUtil.swift */,
			);
			path = Utils;
			sourceTree = "<group>";
		};
		E590C91C2A02BEBE00CC9762 /* Components */ = {
			isa = PBXGroup;
			children = (
				E590C90C2A02AC6200CC9762 /* DoctorView.swift */,
				E590C91A2A02BC4A00CC9762 /* AddReviewView.swift */,
				E590C91D2A02BEE200CC9762 /* RatingView.swift */,
			);
			path = Components;
			sourceTree = "<group>";
		};
/* End PBXGroup section */

/* Begin PBXNativeTarget section */
		E590C8B629DB179E00CC9762 /* DoctorAppointment */ = {
			isa = PBXNativeTarget;
			buildConfigurationList = E590C8C529DB17A000CC9762 /* Build configuration list for PBXNativeTarget "DoctorAppointment" */;
			buildPhases = (
				E590C8B329DB179E00CC9762 /* Sources */,
				E590C8B429DB179E00CC9762 /* Frameworks */,
				E590C8B529DB179E00CC9762 /* Resources */,
			);
			buildRules = (
			);
			dependencies = (
			);
			name = DoctorAppointment;
			packageProductDependencies = (
				E590C8CB29DB17DB00CC9762 /* FirebaseAnalytics */,
				E590C8CD29DB17DB00CC9762 /* FirebaseAnalyticsSwift */,
				E590C8CF29DB17DB00CC9762 /* FirebaseAuth */,
				E590C8D129DB17DB00CC9762 /* FirebaseFirestore */,
				E590C8D329DB17DB00CC9762 /* FirebaseFirestoreSwift */,
				E590C8D529DB17DB00CC9762 /* FirebaseStorage */,
			);
			productName = DoctorAppointment;
			productReference = E590C8B729DB179E00CC9762 /* DoctorAppointment.app */;
			productType = "com.apple.product-type.application";
		};
/* End PBXNativeTarget section */

/* Begin PBXProject section */
		E590C8AF29DB179E00CC9762 /* Project object */ = {
			isa = PBXProject;
			attributes = {
				BuildIndependentTargetsInParallel = 1;
				LastSwiftUpdateCheck = 1430;
				LastUpgradeCheck = 1430;
				TargetAttributes = {
					E590C8B629DB179E00CC9762 = {
						CreatedOnToolsVersion = 14.3;
					};
				};
			};
			buildConfigurationList = E590C8B229DB179E00CC9762 /* Build configuration list for PBXProject "DoctorAppointment" */;
			compatibilityVersion = "Xcode 14.0";
			developmentRegion = en;
			hasScannedForEncodings = 0;
			knownRegions = (
				en,
				Base,
			);
			mainGroup = E590C8AE29DB179E00CC9762;
			packageReferences = (
				E590C8CA29DB17DB00CC9762 /* XCRemoteSwiftPackageReference "firebase-ios-sdk" */,
			);
			productRefGroup = E590C8B829DB179E00CC9762 /* Products */;
			projectDirPath = "";
			projectRoot = "";
			targets = (
				E590C8B629DB179E00CC9762 /* DoctorAppointment */,
			);
		};
/* End PBXProject section */

/* Begin PBXResourcesBuildPhase section */
		E590C8B529DB179E00CC9762 /* Resources */ = {
			isa = PBXResourcesBuildPhase;
			buildActionMask = 2147483647;
			files = (
				E590C8C229DB17A000CC9762 /* Preview Assets.xcassets in Resources */,
				E590C8BF29DB17A000CC9762 /* Assets.xcassets in Resources */,
				E590C8C929DB17AC00CC9762 /* GoogleService-Info.plist in Resources */,
			);
			runOnlyForDeploymentPostprocessing = 0;
		};
/* End PBXResourcesBuildPhase section */

/* Begin PBXSourcesBuildPhase section */
		E590C8B329DB179E00CC9762 /* Sources */ = {
			isa = PBXSourcesBuildPhase;
			buildActionMask = 2147483647;
			files = (
				E590C8EA29E02B9600CC9762 /* Pacient.swift in Sources */,
				E590C90F2A02AE7600CC9762 /* Review.swift in Sources */,
				E590C8E829E02B6F00CC9762 /* PacientManager.swift in Sources */,
				E590C9072A01412A00CC9762 /* LocationUtil.swift in Sources */,
				E590C9262A0425DB00CC9762 /* AddClinicView.swift in Sources */,
				E590C91B2A02BC4A00CC9762 /* AddReviewView.swift in Sources */,
				E590C8E229DDD10F00CC9762 /* String.swift in Sources */,
				E590C8BD29DB179E00CC9762 /* ContentView.swift in Sources */,
				E590C9022A01329D00CC9762 /* PacientSettingsView.swift in Sources */,
				E590C8D829DB1CBF00CC9762 /* DoctorManager.swift in Sources */,
				E590C8F629E03C1500CC9762 /* AdminHomeView.swift in Sources */,
				E590C9112A02AFFE00CC9762 /* ReviewManager.swift in Sources */,
				E590C8E429DDD43800CC9762 /* SignUpView.swift in Sources */,
				E590C8FE2A01322100CC9762 /* PacientClinicView.swift in Sources */,
				E590C9002A01328C00CC9762 /* PacientAppointmentView.swift in Sources */,
				E590C8F429E03C0500CC9762 /* DoctorHomeView.swift in Sources */,
				E590C8DD29DB23A600CC9762 /* Doctor.swift in Sources */,
				E590C8DF29DDC94100CC9762 /* LoginView.swift in Sources */,
				E590C9042A013D2A00CC9762 /* Location.swift in Sources */,
				E590C8F229E0353600CC9762 /* UserRoleManager.swift in Sources */,
				E590C8FA2A01295000CC9762 /* Clinic.swift in Sources */,
				E590C90D2A02AC6200CC9762 /* DoctorView.swift in Sources */,
				E590C9222A041D7E00CC9762 /* AdminUserView.swift in Sources */,
				E590C8E629DDD55200CC9762 /* AuthView.swift in Sources */,
				E590C8F029E033BF00CC9762 /* PacientHomeView.swift in Sources */,
				E590C8FC2A012B5100CC9762 /* ClinicManager.swift in Sources */,
				E590C90B2A02A69E00CC9762 /* DoctorListView.swift in Sources */,
				E590C8F82A01103200CC9762 /* Admin.swift in Sources */,
				E590C8BB29DB179E00CC9762 /* DoctorAppointmentApp.swift in Sources */,
				E590C9202A041D7200CC9762 /* AdminClinicView.swift in Sources */,
				E590C91E2A02BEE200CC9762 /* RatingView.swift in Sources */,
				E590C9242A041D8900CC9762 /* AdminSettingsView.swift in Sources */,
			);
			runOnlyForDeploymentPostprocessing = 0;
		};
/* End PBXSourcesBuildPhase section */

/* Begin XCBuildConfiguration section */
		E590C8C329DB17A000CC9762 /* Debug */ = {
			isa = XCBuildConfiguration;
			buildSettings = {
				ALWAYS_SEARCH_USER_PATHS = NO;
				CLANG_ANALYZER_NONNULL = YES;
				CLANG_ANALYZER_NUMBER_OBJECT_CONVERSION = YES_AGGRESSIVE;
				CLANG_CXX_LANGUAGE_STANDARD = "gnu++20";
				CLANG_ENABLE_MODULES = YES;
				CLANG_ENABLE_OBJC_ARC = YES;
				CLANG_ENABLE_OBJC_WEAK = YES;
				CLANG_WARN_BLOCK_CAPTURE_AUTORELEASING = YES;
				CLANG_WARN_BOOL_CONVERSION = YES;
				CLANG_WARN_COMMA = YES;
				CLANG_WARN_CONSTANT_CONVERSION = YES;
				CLANG_WARN_DEPRECATED_OBJC_IMPLEMENTATIONS = YES;
				CLANG_WARN_DIRECT_OBJC_ISA_USAGE = YES_ERROR;
				CLANG_WARN_DOCUMENTATION_COMMENTS = YES;
				CLANG_WARN_EMPTY_BODY = YES;
				CLANG_WARN_ENUM_CONVERSION = YES;
				CLANG_WARN_INFINITE_RECURSION = YES;
				CLANG_WARN_INT_CONVERSION = YES;
				CLANG_WARN_NON_LITERAL_NULL_CONVERSION = YES;
				CLANG_WARN_OBJC_IMPLICIT_RETAIN_SELF = YES;
				CLANG_WARN_OBJC_LITERAL_CONVERSION = YES;
				CLANG_WARN_OBJC_ROOT_CLASS = YES_ERROR;
				CLANG_WARN_QUOTED_INCLUDE_IN_FRAMEWORK_HEADER = YES;
				CLANG_WARN_RANGE_LOOP_ANALYSIS = YES;
				CLANG_WARN_STRICT_PROTOTYPES = YES;
				CLANG_WARN_SUSPICIOUS_MOVE = YES;
				CLANG_WARN_UNGUARDED_AVAILABILITY = YES_AGGRESSIVE;
				CLANG_WARN_UNREACHABLE_CODE = YES;
				CLANG_WARN__DUPLICATE_METHOD_MATCH = YES;
				COPY_PHASE_STRIP = NO;
				DEBUG_INFORMATION_FORMAT = dwarf;
				ENABLE_STRICT_OBJC_MSGSEND = YES;
				ENABLE_TESTABILITY = YES;
				GCC_C_LANGUAGE_STANDARD = gnu11;
				GCC_DYNAMIC_NO_PIC = NO;
				GCC_NO_COMMON_BLOCKS = YES;
				GCC_OPTIMIZATION_LEVEL = 0;
				GCC_PREPROCESSOR_DEFINITIONS = (
					"DEBUG=1",
					"$(inherited)",
				);
				GCC_WARN_64_TO_32_BIT_CONVERSION = YES;
				GCC_WARN_ABOUT_RETURN_TYPE = YES_ERROR;
				GCC_WARN_UNDECLARED_SELECTOR = YES;
				GCC_WARN_UNINITIALIZED_AUTOS = YES_AGGRESSIVE;
				GCC_WARN_UNUSED_FUNCTION = YES;
				GCC_WARN_UNUSED_VARIABLE = YES;
				IPHONEOS_DEPLOYMENT_TARGET = 16.4;
				MTL_ENABLE_DEBUG_INFO = INCLUDE_SOURCE;
				MTL_FAST_MATH = YES;
				ONLY_ACTIVE_ARCH = YES;
				SDKROOT = iphoneos;
				SWIFT_ACTIVE_COMPILATION_CONDITIONS = DEBUG;
				SWIFT_OPTIMIZATION_LEVEL = "-Onone";
			};
			name = Debug;
		};
		E590C8C429DB17A000CC9762 /* Release */ = {
			isa = XCBuildConfiguration;
			buildSettings = {
				ALWAYS_SEARCH_USER_PATHS = NO;
				CLANG_ANALYZER_NONNULL = YES;
				CLANG_ANALYZER_NUMBER_OBJECT_CONVERSION = YES_AGGRESSIVE;
				CLANG_CXX_LANGUAGE_STANDARD = "gnu++20";
				CLANG_ENABLE_MODULES = YES;
				CLANG_ENABLE_OBJC_ARC = YES;
				CLANG_ENABLE_OBJC_WEAK = YES;
				CLANG_WARN_BLOCK_CAPTURE_AUTORELEASING = YES;
				CLANG_WARN_BOOL_CONVERSION = YES;
				CLANG_WARN_COMMA = YES;
				CLANG_WARN_CONSTANT_CONVERSION = YES;
				CLANG_WARN_DEPRECATED_OBJC_IMPLEMENTATIONS = YES;
				CLANG_WARN_DIRECT_OBJC_ISA_USAGE = YES_ERROR;
				CLANG_WARN_DOCUMENTATION_COMMENTS = YES;
				CLANG_WARN_EMPTY_BODY = YES;
				CLANG_WARN_ENUM_CONVERSION = YES;
				CLANG_WARN_INFINITE_RECURSION = YES;
				CLANG_WARN_INT_CONVERSION = YES;
				CLANG_WARN_NON_LITERAL_NULL_CONVERSION = YES;
				CLANG_WARN_OBJC_IMPLICIT_RETAIN_SELF = YES;
				CLANG_WARN_OBJC_LITERAL_CONVERSION = YES;
				CLANG_WARN_OBJC_ROOT_CLASS = YES_ERROR;
				CLANG_WARN_QUOTED_INCLUDE_IN_FRAMEWORK_HEADER = YES;
				CLANG_WARN_RANGE_LOOP_ANALYSIS = YES;
				CLANG_WARN_STRICT_PROTOTYPES = YES;
				CLANG_WARN_SUSPICIOUS_MOVE = YES;
				CLANG_WARN_UNGUARDED_AVAILABILITY = YES_AGGRESSIVE;
				CLANG_WARN_UNREACHABLE_CODE = YES;
				CLANG_WARN__DUPLICATE_METHOD_MATCH = YES;
				COPY_PHASE_STRIP = NO;
				DEBUG_INFORMATION_FORMAT = "dwarf-with-dsym";
				ENABLE_NS_ASSERTIONS = NO;
				ENABLE_STRICT_OBJC_MSGSEND = YES;
				GCC_C_LANGUAGE_STANDARD = gnu11;
				GCC_NO_COMMON_BLOCKS = YES;
				GCC_WARN_64_TO_32_BIT_CONVERSION = YES;
				GCC_WARN_ABOUT_RETURN_TYPE = YES_ERROR;
				GCC_WARN_UNDECLARED_SELECTOR = YES;
				GCC_WARN_UNINITIALIZED_AUTOS = YES_AGGRESSIVE;
				GCC_WARN_UNUSED_FUNCTION = YES;
				GCC_WARN_UNUSED_VARIABLE = YES;
				IPHONEOS_DEPLOYMENT_TARGET = 16.4;
				MTL_ENABLE_DEBUG_INFO = NO;
				MTL_FAST_MATH = YES;
				SDKROOT = iphoneos;
				SWIFT_COMPILATION_MODE = wholemodule;
				SWIFT_OPTIMIZATION_LEVEL = "-O";
				VALIDATE_PRODUCT = YES;
			};
			name = Release;
		};
		E590C8C629DB17A000CC9762 /* Debug */ = {
			isa = XCBuildConfiguration;
			buildSettings = {
				ASSETCATALOG_COMPILER_APPICON_NAME = AppIcon;
				ASSETCATALOG_COMPILER_GLOBAL_ACCENT_COLOR_NAME = AccentColor;
				CODE_SIGN_STYLE = Automatic;
				CURRENT_PROJECT_VERSION = 1;
				DEVELOPMENT_ASSET_PATHS = "\"DoctorAppointment/Preview Content\"";
				DEVELOPMENT_TEAM = P3UU5CZW8Q;
				ENABLE_PREVIEWS = YES;
				GENERATE_INFOPLIST_FILE = YES;
				INFOPLIST_KEY_UIApplicationSceneManifest_Generation = YES;
				INFOPLIST_KEY_UIApplicationSupportsIndirectInputEvents = YES;
				INFOPLIST_KEY_UILaunchScreen_Generation = YES;
				INFOPLIST_KEY_UISupportedInterfaceOrientations_iPad = "UIInterfaceOrientationPortrait UIInterfaceOrientationPortraitUpsideDown UIInterfaceOrientationLandscapeLeft UIInterfaceOrientationLandscapeRight";
				INFOPLIST_KEY_UISupportedInterfaceOrientations_iPhone = "UIInterfaceOrientationPortrait UIInterfaceOrientationLandscapeLeft UIInterfaceOrientationLandscapeRight";
				LD_RUNPATH_SEARCH_PATHS = (
					"$(inherited)",
					"@executable_path/Frameworks",
				);
				MARKETING_VERSION = 1.0;
				PRODUCT_BUNDLE_IDENTIFIER = com.ron.DoctorAppointment;
				PRODUCT_NAME = "$(TARGET_NAME)";
				SWIFT_EMIT_LOC_STRINGS = YES;
				SWIFT_VERSION = 5.0;
				TARGETED_DEVICE_FAMILY = "1,2";
			};
			name = Debug;
		};
		E590C8C729DB17A000CC9762 /* Release */ = {
			isa = XCBuildConfiguration;
			buildSettings = {
				ASSETCATALOG_COMPILER_APPICON_NAME = AppIcon;
				ASSETCATALOG_COMPILER_GLOBAL_ACCENT_COLOR_NAME = AccentColor;
				CODE_SIGN_STYLE = Automatic;
				CURRENT_PROJECT_VERSION = 1;
				DEVELOPMENT_ASSET_PATHS = "\"DoctorAppointment/Preview Content\"";
				DEVELOPMENT_TEAM = P3UU5CZW8Q;
				ENABLE_PREVIEWS = YES;
				GENERATE_INFOPLIST_FILE = YES;
				INFOPLIST_KEY_UIApplicationSceneManifest_Generation = YES;
				INFOPLIST_KEY_UIApplicationSupportsIndirectInputEvents = YES;
				INFOPLIST_KEY_UILaunchScreen_Generation = YES;
				INFOPLIST_KEY_UISupportedInterfaceOrientations_iPad = "UIInterfaceOrientationPortrait UIInterfaceOrientationPortraitUpsideDown UIInterfaceOrientationLandscapeLeft UIInterfaceOrientationLandscapeRight";
				INFOPLIST_KEY_UISupportedInterfaceOrientations_iPhone = "UIInterfaceOrientationPortrait UIInterfaceOrientationLandscapeLeft UIInterfaceOrientationLandscapeRight";
				LD_RUNPATH_SEARCH_PATHS = (
					"$(inherited)",
					"@executable_path/Frameworks",
				);
				MARKETING_VERSION = 1.0;
				PRODUCT_BUNDLE_IDENTIFIER = com.ron.DoctorAppointment;
				PRODUCT_NAME = "$(TARGET_NAME)";
				SWIFT_EMIT_LOC_STRINGS = YES;
				SWIFT_VERSION = 5.0;
				TARGETED_DEVICE_FAMILY = "1,2";
			};
			name = Release;
		};
/* End XCBuildConfiguration section */

/* Begin XCConfigurationList section */
		E590C8B229DB179E00CC9762 /* Build configuration list for PBXProject "DoctorAppointment" */ = {
			isa = XCConfigurationList;
			buildConfigurations = (
				E590C8C329DB17A000CC9762 /* Debug */,
				E590C8C429DB17A000CC9762 /* Release */,
			);
			defaultConfigurationIsVisible = 0;
			defaultConfigurationName = Release;
		};
		E590C8C529DB17A000CC9762 /* Build configuration list for PBXNativeTarget "DoctorAppointment" */ = {
			isa = XCConfigurationList;
			buildConfigurations = (
				E590C8C629DB17A000CC9762 /* Debug */,
				E590C8C729DB17A000CC9762 /* Release */,
			);
			defaultConfigurationIsVisible = 0;
			defaultConfigurationName = Release;
		};
/* End XCConfigurationList section */

/* Begin XCRemoteSwiftPackageReference section */
		E590C8CA29DB17DB00CC9762 /* XCRemoteSwiftPackageReference "firebase-ios-sdk" */ = {
			isa = XCRemoteSwiftPackageReference;
			repositoryURL = "https://github.com/firebase/firebase-ios-sdk";
			requirement = {
				kind = upToNextMajorVersion;
				minimumVersion = 10.0.0;
			};
		};
/* End XCRemoteSwiftPackageReference section */

/* Begin XCSwiftPackageProductDependency section */
		E590C8CB29DB17DB00CC9762 /* FirebaseAnalytics */ = {
			isa = XCSwiftPackageProductDependency;
			package = E590C8CA29DB17DB00CC9762 /* XCRemoteSwiftPackageReference "firebase-ios-sdk" */;
			productName = FirebaseAnalytics;
		};
		E590C8CD29DB17DB00CC9762 /* FirebaseAnalyticsSwift */ = {
			isa = XCSwiftPackageProductDependency;
			package = E590C8CA29DB17DB00CC9762 /* XCRemoteSwiftPackageReference "firebase-ios-sdk" */;
			productName = FirebaseAnalyticsSwift;
		};
		E590C8CF29DB17DB00CC9762 /* FirebaseAuth */ = {
			isa = XCSwiftPackageProductDependency;
			package = E590C8CA29DB17DB00CC9762 /* XCRemoteSwiftPackageReference "firebase-ios-sdk" */;
			productName = FirebaseAuth;
		};
		E590C8D129DB17DB00CC9762 /* FirebaseFirestore */ = {
			isa = XCSwiftPackageProductDependency;
			package = E590C8CA29DB17DB00CC9762 /* XCRemoteSwiftPackageReference "firebase-ios-sdk" */;
			productName = FirebaseFirestore;
		};
		E590C8D329DB17DB00CC9762 /* FirebaseFirestoreSwift */ = {
			isa = XCSwiftPackageProductDependency;
			package = E590C8CA29DB17DB00CC9762 /* XCRemoteSwiftPackageReference "firebase-ios-sdk" */;
			productName = FirebaseFirestoreSwift;
		};
		E590C8D529DB17DB00CC9762 /* FirebaseStorage */ = {
			isa = XCSwiftPackageProductDependency;
			package = E590C8CA29DB17DB00CC9762 /* XCRemoteSwiftPackageReference "firebase-ios-sdk" */;
			productName = FirebaseStorage;
		};
/* End XCSwiftPackageProductDependency section */
	};
	rootObject = E590C8AF29DB179E00CC9762 /* Project object */;
}
